
Microsoft Visual Studio Solution File, Format Version 12.00
# Visual Studio Version 17
VisualStudioVersion = 17.0.31903.59
MinimumVisualStudioVersion = 10.0.40219.1
Project("{FAE04EC0-301F-11D3-BF4B-00C04F79EFBC}") = "ianl", "src\ianl.csproj", "{7A362FA9-9B85-414C-B453-08E6D9D153CE}"
EndProject
Project("{2150E333-8FDC-42A3-9474-1A3956D46DE8}") = "test", "test", "{F3FC8B4A-42F5-44A3-AE35-3FB9AEB25414}"
EndProject
Project("{FAE04EC0-301F-11D3-BF4B-00C04F79EFBC}") = "ianl.TEST", "test\ianl.TEST\ianl.TEST.csproj", "{84A929C1-7055-4F8A-83C2-24EB255D5855}"
EndProject
Global
	GlobalSection(SolutionConfigurationPlatforms) = preSolution
		Debug|Any CPU = Debug|Any CPU
		Release|Any CPU = Release|Any CPU
	EndGlobalSection
	GlobalSection(SolutionProperties) = preSolution
		HideSolutionNode = FALSE
	EndGlobalSection
	GlobalSection(ProjectConfigurationPlatforms) = postSolution
		{7A362FA9-9B85-414C-B453-08E6D9D153CE}.Debug|Any CPU.ActiveCfg = Debug|Any CPU
		{7A362FA9-9B85-414C-B453-08E6D9D153CE}.Debug|Any CPU.Build.0 = Debug|Any CPU
		{7A362FA9-9B85-414C-B453-08E6D9D153CE}.Release|Any CPU.ActiveCfg = Release|Any CPU
		{7A362FA9-9B85-414C-B453-08E6D9D153CE}.Release|Any CPU.Build.0 = Release|Any CPU
		{84A929C1-7055-4F8A-83C2-24EB255D5855}.Debug|Any CPU.ActiveCfg = Debug|Any CPU
		{84A929C1-7055-4F8A-83C2-24EB255D5855}.Debug|Any CPU.Build.0 = Debug|Any CPU
		{84A929C1-7055-4F8A-83C2-24EB255D5855}.Release|Any CPU.ActiveCfg = Release|Any CPU
		{84A929C1-7055-4F8A-83C2-24EB255D5855}.Release|Any CPU.Build.0 = Release|Any CPU
	EndGlobalSection
	GlobalSection(NestedProjects) = preSolution
		{84A929C1-7055-4F8A-83C2-24EB255D5855} = {F3FC8B4A-42F5-44A3-AE35-3FB9AEB25414}
	EndGlobalSection
EndGlobal
